
Microsoft Visual Studio Solution File, Format Version 12.00
# Visual Studio Express 2012 for Windows Phone
Project("{FAE04EC0-301F-11D3-BF4B-00C04F79EFBC}") = "MetroRally", "MetroRally\MetroRally\MetroRally.csproj", "{353FD3A1-1961-46D9-85E0-1703BCBBB9A9}"
EndProject
Project("{96E2B04D-8817-42C6-938A-82C39BA4D311}") = "MetroRallyContent", "MetroRally\MetroRallyContent\MetroRallyContent.contentproj", "{7627F0B6-F4FB-45B8-A637-9955E56AD5DD}"
EndProject
Global
	GlobalSection(SolutionConfigurationPlatforms) = preSolution
		Debug|Windows Phone = Debug|Windows Phone
		Release|Windows Phone = Release|Windows Phone
	EndGlobalSection
	GlobalSection(ProjectConfigurationPlatforms) = postSolution
		{353FD3A1-1961-46D9-85E0-1703BCBBB9A9}.Debug|Windows Phone.ActiveCfg = Debug|Windows Phone
		{353FD3A1-1961-46D9-85E0-1703BCBBB9A9}.Debug|Windows Phone.Build.0 = Debug|Windows Phone
		{353FD3A1-1961-46D9-85E0-1703BCBBB9A9}.Debug|Windows Phone.Deploy.0 = Debug|Windows Phone
		{353FD3A1-1961-46D9-85E0-1703BCBBB9A9}.Release|Windows Phone.ActiveCfg = Release|Windows Phone
		{353FD3A1-1961-46D9-85E0-1703BCBBB9A9}.Release|Windows Phone.Build.0 = Release|Windows Phone
		{353FD3A1-1961-46D9-85E0-1703BCBBB9A9}.Release|Windows Phone.Deploy.0 = Release|Windows Phone
		{7627F0B6-F4FB-45B8-A637-9955E56AD5DD}.Debug|Windows Phone.ActiveCfg = Debug|Windows Phone
		{7627F0B6-F4FB-45B8-A637-9955E56AD5DD}.Release|Windows Phone.ActiveCfg = Release|Windows Phone
	EndGlobalSection
	GlobalSection(SolutionProperties) = preSolution
		HideSolutionNode = FALSE
	EndGlobalSection
EndGlobal
